# This file is automatically @generated by Cargo.
# It is not intended for manual editing.
version = 3

[[package]]
name = "arrayvec"
version = "0.7.2"
source = "registry+https://github.com/rust-lang/crates.io-index"
checksum = "8da52d66c7071e2e3fa2a1e5c6d088fec47b593032b254f5e980de8ea54454d6"

[[package]]
name = "either"
version = "0.1.7"
source = "registry+https://github.com/rust-lang/crates.io-index"
checksum = "a39bffec1e2015c5d8a6773cb0cf48d0d758c842398f624c34969071f5499ea7"

[[package]]
name = "lexx"
version = "0.1.0"
dependencies = [
 "arrayvec",
 "either",
]
